
Microsoft Visual Studio Solution File, Format Version 12.00
# Visual Studio 15
VisualStudioVersion = 15.0.28010.2003
MinimumVisualStudioVersion = 10.0.40219.1
Project("{FAE04EC0-301F-11D3-BF4B-00C04F79EFBC}") = "WhileLoops", "WhileLoops\WhileLoops.csproj", "{9A8361DF-E420-4AAC-A7DA-84B9E3E35D01}"
EndProject
Global
	GlobalSection(SolutionConfigurationPlatforms) = preSolution
		Debug|Any CPU = Debug|Any CPU
		Release|Any CPU = Release|Any CPU
	EndGlobalSection
	GlobalSection(ProjectConfigurationPlatforms) = postSolution
		{9A8361DF-E420-4AAC-A7DA-84B9E3E35D01}.Debug|Any CPU.ActiveCfg = Debug|Any CPU
		{9A8361DF-E420-4AAC-A7DA-84B9E3E35D01}.Debug|Any CPU.Build.0 = Debug|Any CPU
		{9A8361DF-E420-4AAC-A7DA-84B9E3E35D01}.Release|Any CPU.ActiveCfg = Release|Any CPU
		{9A8361DF-E420-4AAC-A7DA-84B9E3E35D01}.Release|Any CPU.Build.0 = Release|Any CPU
	EndGlobalSection
	GlobalSection(SolutionProperties) = preSolution
		HideSolutionNode = FALSE
	EndGlobalSection
	GlobalSection(ExtensibilityGlobals) = postSolution
		SolutionGuid = {B70331EC-0C9F-4767-BE67-5C48DAE3B46F}
	EndGlobalSection
EndGlobal
